PODS:
  - agora_rtc_engine (3.2.1):
    - AgoraRtcEngine_iOS (= 3.2.1)
    - Flutter
  - AgoraRtcEngine_iOS (3.2.1)
  - Flutter (1.0.0)
  - "permission_handler (5.0.1+1)":
    - Flutter

DEPENDENCIES:
  - agora_rtc_engine (from `.symlinks/plugins/agora_rtc_engine/ios`)
  - Flutter (from `Flutter`)
  - permission_handler (from `.symlinks/plugins/permission_handler/ios`)

SPEC REPOS:
  trunk:
    - AgoraRtcEngine_iOS

EXTERNAL SOURCES:
  agora_rtc_engine:
    :path: ".symlinks/plugins/agora_rtc_engine/ios"
  Flutter:
    :path: Flutter
  permission_handler:
    :path: ".symlinks/plugins/permission_handler/ios"

SPEC CHECKSUMS:
  agora_rtc_engine: b9eb6ee2b4dd6c3854c0d94b0691e7d041fb437e
  AgoraRtcEngine_iOS: bf8ee53108d31dd9e3b7e448701b9098162c42c7
  Flutter: 434fef37c0980e73bb6479ef766c45957d4b510c
  permission_handler: eac8e15b4a1a3fba55b761d19f3f4e6b005d15b6

PODFILE CHECKSUM: aafe91acc616949ddb318b77800a7f51bffa2a4c

COCOAPODS: 1.10.1
